github.com/dennwc/varint v1.0.0 h1:kGNFFSSw8ToIy3obO/kKr8U9GZYUAxQEVuix4zfDWzE=
github.com/dennwc/varint v1.0.0/go.mod h1:hnItb35rvZvJrbTALZtY/iQfDs48JKRG1RPpgziApxA=
github.com/prometheus/prometheus v0.55.1 h1:+NM9V/h4A+wRkOyQzGewzgPPgq/iX2LUQoISNvmjZmI=
github.com/prometheus/prometheus v0.55.1/go.mod h1:GGS7QlWKCqCbcEzWsVahYIfQwiGhcExkarHyLJTsv6I=
